
Microsoft Visual Studio Solution File, Format Version 12.00
# Visual Studio Version 16
VisualStudioVersion = 16.0.30907.101
MinimumVisualStudioVersion = 10.0.40219.1
Project("{9A19103F-16F7-4668-BE54-9A1E7A4F7556}") = "TripletsComparator", "TripletsComparator\TripletsComparator.csproj", "{7FFF0AAC-40DC-4F66-8162-B853AE767E0D}"
EndProject
Project("{9A19103F-16F7-4668-BE54-9A1E7A4F7556}") = "DiagonalDifference", "DiagonalDifference\DiagonalDifference.csproj", "{87E6F12F-EE67-49C7-A754-DB83251A5B80}"
EndProject
Project("{9A19103F-16F7-4668-BE54-9A1E7A4F7556}") = "PlusMinus", "PlusMinus\PlusMinus.csproj", "{C8A124CF-14EB-468D-94F6-F0DD3CFB86DF}"
EndProject
Project("{9A19103F-16F7-4668-BE54-9A1E7A4F7556}") = "MinMaxSum", "MinMaxSum\MinMaxSum.csproj", "{88FC35B0-6137-475A-9520-A14DE1F396F2}"
EndProject
Project("{9A19103F-16F7-4668-BE54-9A1E7A4F7556}") = "BirthdayCakeCandles", "BirthdayCakeCandles\BirthdayCakeCandles.csproj", "{65471DF3-A987-415E-ACBC-9535EA9D95F0}"
EndProject
Project("{9A19103F-16F7-4668-BE54-9A1E7A4F7556}") = "AngryProfessor", "AngryProfessor\AngryProfessor.csproj", "{64793CC5-4ACB-4901-BCE1-894AD401A0C1}"
EndProject
Project("{9A19103F-16F7-4668-BE54-9A1E7A4F7556}") = "MigratoryBirds", "MigratoryBirds\MigratoryBirds.csproj", "{3C32777A-2498-4F61-A135-364B7FD2E93B}"
EndProject
Project("{9A19103F-16F7-4668-BE54-9A1E7A4F7556}") = "DivisibleSumPairs", "DivisibleSumPairs\DivisibleSumPairs.csproj", "{17225A29-BCFF-47D3-B9BB-59D8B14A999F}"
EndProject
Project("{9A19103F-16F7-4668-BE54-9A1E7A4F7556}") = "SalesByMatch", "SalesByMatch\SalesByMatch.csproj", "{DAF7CD0B-4798-4E91-97A9-5A012C612483}"
EndProject
Project("{9A19103F-16F7-4668-BE54-9A1E7A4F7556}") = "BetweenTwoSets", "BetweenTwoSets\BetweenTwoSets.csproj", "{FDCED019-21F3-4BB2-8C14-C7A91D32BE92}"
EndProject
Project("{FAE04EC0-301F-11D3-BF4B-00C04F79EFBC}") = "ElectronicsShop", "ElectronicsShop\ElectronicsShop.csproj", "{2930DEED-8F2F-4928-B95E-026E5B117A03}"
EndProject
Global
	GlobalSection(SolutionConfigurationPlatforms) = preSolution
		Debug|Any CPU = Debug|Any CPU
		Release|Any CPU = Release|Any CPU
	EndGlobalSection
	GlobalSection(ProjectConfigurationPlatforms) = postSolution
		{7FFF0AAC-40DC-4F66-8162-B853AE767E0D}.Debug|Any CPU.ActiveCfg = Debug|Any CPU
		{7FFF0AAC-40DC-4F66-8162-B853AE767E0D}.Debug|Any CPU.Build.0 = Debug|Any CPU
		{7FFF0AAC-40DC-4F66-8162-B853AE767E0D}.Release|Any CPU.ActiveCfg = Release|Any CPU
		{7FFF0AAC-40DC-4F66-8162-B853AE767E0D}.Release|Any CPU.Build.0 = Release|Any CPU
		{87E6F12F-EE67-49C7-A754-DB83251A5B80}.Debug|Any CPU.ActiveCfg = Debug|Any CPU
		{87E6F12F-EE67-49C7-A754-DB83251A5B80}.Debug|Any CPU.Build.0 = Debug|Any CPU
		{87E6F12F-EE67-49C7-A754-DB83251A5B80}.Release|Any CPU.ActiveCfg = Release|Any CPU
		{87E6F12F-EE67-49C7-A754-DB83251A5B80}.Release|Any CPU.Build.0 = Release|Any CPU
		{C8A124CF-14EB-468D-94F6-F0DD3CFB86DF}.Debug|Any CPU.ActiveCfg = Debug|Any CPU
		{C8A124CF-14EB-468D-94F6-F0DD3CFB86DF}.Debug|Any CPU.Build.0 = Debug|Any CPU
		{C8A124CF-14EB-468D-94F6-F0DD3CFB86DF}.Release|Any CPU.ActiveCfg = Release|Any CPU
		{C8A124CF-14EB-468D-94F6-F0DD3CFB86DF}.Release|Any CPU.Build.0 = Release|Any CPU
		{88FC35B0-6137-475A-9520-A14DE1F396F2}.Debug|Any CPU.ActiveCfg = Debug|Any CPU
		{88FC35B0-6137-475A-9520-A14DE1F396F2}.Debug|Any CPU.Build.0 = Debug|Any CPU
		{88FC35B0-6137-475A-9520-A14DE1F396F2}.Release|Any CPU.ActiveCfg = Release|Any CPU
		{88FC35B0-6137-475A-9520-A14DE1F396F2}.Release|Any CPU.Build.0 = Release|Any CPU
		{65471DF3-A987-415E-ACBC-9535EA9D95F0}.Debug|Any CPU.ActiveCfg = Debug|Any CPU
		{65471DF3-A987-415E-ACBC-9535EA9D95F0}.Debug|Any CPU.Build.0 = Debug|Any CPU
		{65471DF3-A987-415E-ACBC-9535EA9D95F0}.Release|Any CPU.ActiveCfg = Release|Any CPU
		{65471DF3-A987-415E-ACBC-9535EA9D95F0}.Release|Any CPU.Build.0 = Release|Any CPU
		{64793CC5-4ACB-4901-BCE1-894AD401A0C1}.Debug|Any CPU.ActiveCfg = Debug|Any CPU
		{64793CC5-4ACB-4901-BCE1-894AD401A0C1}.Debug|Any CPU.Build.0 = Debug|Any CPU
		{64793CC5-4ACB-4901-BCE1-894AD401A0C1}.Release|Any CPU.ActiveCfg = Release|Any CPU
		{64793CC5-4ACB-4901-BCE1-894AD401A0C1}.Release|Any CPU.Build.0 = Release|Any CPU
		{3C32777A-2498-4F61-A135-364B7FD2E93B}.Debug|Any CPU.ActiveCfg = Debug|Any CPU
		{3C32777A-2498-4F61-A135-364B7FD2E93B}.Debug|Any CPU.Build.0 = Debug|Any CPU
		{3C32777A-2498-4F61-A135-364B7FD2E93B}.Release|Any CPU.ActiveCfg = Release|Any CPU
		{3C32777A-2498-4F61-A135-364B7FD2E93B}.Release|Any CPU.Build.0 = Release|Any CPU
		{17225A29-BCFF-47D3-B9BB-59D8B14A999F}.Debug|Any CPU.ActiveCfg = Debug|Any CPU
		{17225A29-BCFF-47D3-B9BB-59D8B14A999F}.Debug|Any CPU.Build.0 = Debug|Any CPU
		{17225A29-BCFF-47D3-B9BB-59D8B14A999F}.Release|Any CPU.ActiveCfg = Release|Any CPU
		{17225A29-BCFF-47D3-B9BB-59D8B14A999F}.Release|Any CPU.Build.0 = Release|Any CPU
		{DAF7CD0B-4798-4E91-97A9-5A012C612483}.Debug|Any CPU.ActiveCfg = Debug|Any CPU
		{DAF7CD0B-4798-4E91-97A9-5A012C612483}.Debug|Any CPU.Build.0 = Debug|Any CPU
		{DAF7CD0B-4798-4E91-97A9-5A012C612483}.Release|Any CPU.ActiveCfg = Release|Any CPU
		{DAF7CD0B-4798-4E91-97A9-5A012C612483}.Release|Any CPU.Build.0 = Release|Any CPU
		{FDCED019-21F3-4BB2-8C14-C7A91D32BE92}.Debug|Any CPU.ActiveCfg = Debug|Any CPU
		{FDCED019-21F3-4BB2-8C14-C7A91D32BE92}.Debug|Any CPU.Build.0 = Debug|Any CPU
		{FDCED019-21F3-4BB2-8C14-C7A91D32BE92}.Release|Any CPU.ActiveCfg = Release|Any CPU
		{FDCED019-21F3-4BB2-8C14-C7A91D32BE92}.Release|Any CPU.Build.0 = Release|Any CPU
		{2930DEED-8F2F-4928-B95E-026E5B117A03}.Debug|Any CPU.ActiveCfg = Debug|Any CPU
		{2930DEED-8F2F-4928-B95E-026E5B117A03}.Debug|Any CPU.Build.0 = Debug|Any CPU
		{2930DEED-8F2F-4928-B95E-026E5B117A03}.Release|Any CPU.ActiveCfg = Release|Any CPU
		{2930DEED-8F2F-4928-B95E-026E5B117A03}.Release|Any CPU.Build.0 = Release|Any CPU
	EndGlobalSection
	GlobalSection(SolutionProperties) = preSolution
		HideSolutionNode = FALSE
	EndGlobalSection
	GlobalSection(ExtensibilityGlobals) = postSolution
		SolutionGuid = {49509379-3212-4EEE-B8B1-E8AB0BBE0A0C}
	EndGlobalSection
EndGlobal
