
Microsoft Visual Studio Solution File, Format Version 12.00
# Visual Studio Version 16
VisualStudioVersion = 16.0.30907.101
MinimumVisualStudioVersion = 10.0.40219.1
Project("{9A19103F-16F7-4668-BE54-9A1E7A4F7556}") = "TripletsComparator", "TripletsComparator\TripletsComparator.csproj", "{7FFF0AAC-40DC-4F66-8162-B853AE767E0D}"
EndProject
Project("{9A19103F-16F7-4668-BE54-9A1E7A4F7556}") = "DiagonalDifference", "DiagonalDifference\DiagonalDifference.csproj", "{87E6F12F-EE67-49C7-A754-DB83251A5B80}"
EndProject
Project("{9A19103F-16F7-4668-BE54-9A1E7A4F7556}") = "PlusMinus", "PlusMinus\PlusMinus.csproj", "{C8A124CF-14EB-468D-94F6-F0DD3CFB86DF}"
EndProject
Project("{FAE04EC0-301F-11D3-BF4B-00C04F79EFBC}") = "Staircase", "Staircase\Staircase.csproj", "{070C7581-3C29-4C84-967F-B2A32D01FB7A}"
EndProject
Global
	GlobalSection(SolutionConfigurationPlatforms) = preSolution
		Debug|Any CPU = Debug|Any CPU
		Release|Any CPU = Release|Any CPU
	EndGlobalSection
	GlobalSection(ProjectConfigurationPlatforms) = postSolution
		{7FFF0AAC-40DC-4F66-8162-B853AE767E0D}.Debug|Any CPU.ActiveCfg = Debug|Any CPU
		{7FFF0AAC-40DC-4F66-8162-B853AE767E0D}.Debug|Any CPU.Build.0 = Debug|Any CPU
		{7FFF0AAC-40DC-4F66-8162-B853AE767E0D}.Release|Any CPU.ActiveCfg = Release|Any CPU
		{7FFF0AAC-40DC-4F66-8162-B853AE767E0D}.Release|Any CPU.Build.0 = Release|Any CPU
		{87E6F12F-EE67-49C7-A754-DB83251A5B80}.Debug|Any CPU.ActiveCfg = Debug|Any CPU
		{87E6F12F-EE67-49C7-A754-DB83251A5B80}.Debug|Any CPU.Build.0 = Debug|Any CPU
		{87E6F12F-EE67-49C7-A754-DB83251A5B80}.Release|Any CPU.ActiveCfg = Release|Any CPU
		{87E6F12F-EE67-49C7-A754-DB83251A5B80}.Release|Any CPU.Build.0 = Release|Any CPU
		{C8A124CF-14EB-468D-94F6-F0DD3CFB86DF}.Debug|Any CPU.ActiveCfg = Debug|Any CPU
		{C8A124CF-14EB-468D-94F6-F0DD3CFB86DF}.Debug|Any CPU.Build.0 = Debug|Any CPU
		{C8A124CF-14EB-468D-94F6-F0DD3CFB86DF}.Release|Any CPU.ActiveCfg = Release|Any CPU
		{C8A124CF-14EB-468D-94F6-F0DD3CFB86DF}.Release|Any CPU.Build.0 = Release|Any CPU
		{070C7581-3C29-4C84-967F-B2A32D01FB7A}.Debug|Any CPU.ActiveCfg = Debug|Any CPU
		{070C7581-3C29-4C84-967F-B2A32D01FB7A}.Debug|Any CPU.Build.0 = Debug|Any CPU
		{070C7581-3C29-4C84-967F-B2A32D01FB7A}.Release|Any CPU.ActiveCfg = Release|Any CPU
		{070C7581-3C29-4C84-967F-B2A32D01FB7A}.Release|Any CPU.Build.0 = Release|Any CPU
	EndGlobalSection
	GlobalSection(SolutionProperties) = preSolution
		HideSolutionNode = FALSE
	EndGlobalSection
	GlobalSection(ExtensibilityGlobals) = postSolution
		SolutionGuid = {49509379-3212-4EEE-B8B1-E8AB0BBE0A0C}
	EndGlobalSection
EndGlobal
